
Microsoft Visual Studio Solution File, Format Version 12.00
# Visual Studio Version 17
VisualStudioVersion = 17.11.35312.102
MinimumVisualStudioVersion = 10.0.40219.1
Project("{FAE04EC0-301F-11D3-BF4B-00C04F79EFBC}") = "Week_2.2", "Week_2.2.csproj", "{DC338334-3784-4202-B712-9F31F43DAC7D}"
EndProject
Global
	GlobalSection(SolutionConfigurationPlatforms) = preSolution
		Debug|Any CPU = Debug|Any CPU
		Release|Any CPU = Release|Any CPU
	EndGlobalSection
	GlobalSection(ProjectConfigurationPlatforms) = postSolution
		{DC338334-3784-4202-B712-9F31F43DAC7D}.Debug|Any CPU.ActiveCfg = Debug|Any CPU
		{DC338334-3784-4202-B712-9F31F43DAC7D}.Debug|Any CPU.Build.0 = Debug|Any CPU
		{DC338334-3784-4202-B712-9F31F43DAC7D}.Release|Any CPU.ActiveCfg = Release|Any CPU
		{DC338334-3784-4202-B712-9F31F43DAC7D}.Release|Any CPU.Build.0 = Release|Any CPU
	EndGlobalSection
	GlobalSection(SolutionProperties) = preSolution
		HideSolutionNode = FALSE
	EndGlobalSection
	GlobalSection(ExtensibilityGlobals) = postSolution
		SolutionGuid = {FCC905F4-EDCA-4A79-9F2A-B15750114397}
	EndGlobalSection
EndGlobal
