
Microsoft Visual Studio Solution File, Format Version 12.00
# Visual Studio Version 17
VisualStudioVersion = 17.11.35312.102
MinimumVisualStudioVersion = 10.0.40219.1
Project("{FAE04EC0-301F-11D3-BF4B-00C04F79EFBC}") = "Week_1", "Week_1.csproj", "{4487768D-D206-4987-A81B-92648C42F21E}"
EndProject
Project("{FAE04EC0-301F-11D3-BF4B-00C04F79EFBC}") = "Week_1.1", "..\Week_1.1\Week_1.1.csproj", "{C46E4C21-554C-41CD-B4C6-65F68D0EC79C}"
EndProject
Global
	GlobalSection(SolutionConfigurationPlatforms) = preSolution
		Debug|Any CPU = Debug|Any CPU
		Release|Any CPU = Release|Any CPU
	EndGlobalSection
	GlobalSection(ProjectConfigurationPlatforms) = postSolution
		{4487768D-D206-4987-A81B-92648C42F21E}.Debug|Any CPU.ActiveCfg = Debug|Any CPU
		{4487768D-D206-4987-A81B-92648C42F21E}.Debug|Any CPU.Build.0 = Debug|Any CPU
		{4487768D-D206-4987-A81B-92648C42F21E}.Release|Any CPU.ActiveCfg = Release|Any CPU
		{4487768D-D206-4987-A81B-92648C42F21E}.Release|Any CPU.Build.0 = Release|Any CPU
		{C46E4C21-554C-41CD-B4C6-65F68D0EC79C}.Debug|Any CPU.ActiveCfg = Debug|Any CPU
		{C46E4C21-554C-41CD-B4C6-65F68D0EC79C}.Debug|Any CPU.Build.0 = Debug|Any CPU
		{C46E4C21-554C-41CD-B4C6-65F68D0EC79C}.Release|Any CPU.ActiveCfg = Release|Any CPU
		{C46E4C21-554C-41CD-B4C6-65F68D0EC79C}.Release|Any CPU.Build.0 = Release|Any CPU
	EndGlobalSection
	GlobalSection(SolutionProperties) = preSolution
		HideSolutionNode = FALSE
	EndGlobalSection
	GlobalSection(ExtensibilityGlobals) = postSolution
		SolutionGuid = {0BD18124-5BDF-49B0-8D65-BCB4373A237F}
	EndGlobalSection
EndGlobal
